
Microsoft Visual Studio Solution File, Format Version 12.00
# Visual Studio 15
VisualStudioVersion = 15.0.27703.2000
MinimumVisualStudioVersion = 10.0.40219.1
Project("{FAE04EC0-301F-11D3-BF4B-00C04F79EFBC}") = "AromaTran", "AromaTran\AromaTran.csproj", "{681AC9FD-5D5A-45B0-B5C4-E9A40F1973A8}"
EndProject
Global
	GlobalSection(SolutionConfigurationPlatforms) = preSolution
		Debug|Any CPU = Debug|Any CPU
		Release|Any CPU = Release|Any CPU
	EndGlobalSection
	GlobalSection(ProjectConfigurationPlatforms) = postSolution
		{681AC9FD-5D5A-45B0-B5C4-E9A40F1973A8}.Debug|Any CPU.ActiveCfg = Debug|Any CPU
		{681AC9FD-5D5A-45B0-B5C4-E9A40F1973A8}.Debug|Any CPU.Build.0 = Debug|Any CPU
		{681AC9FD-5D5A-45B0-B5C4-E9A40F1973A8}.Release|Any CPU.ActiveCfg = Release|Any CPU
		{681AC9FD-5D5A-45B0-B5C4-E9A40F1973A8}.Release|Any CPU.Build.0 = Release|Any CPU
	EndGlobalSection
	GlobalSection(SolutionProperties) = preSolution
		HideSolutionNode = FALSE
	EndGlobalSection
	GlobalSection(ExtensibilityGlobals) = postSolution
		EnterpriseLibraryConfigurationToolBinariesPathV6 = packages\EnterpriseLibrary.Common.6.0.1304.0\lib\NET45;packages\EnterpriseLibrary.TransientFaultHandling.6.0.1304.0\lib\portable-net45+win+wp8;packages\EnterpriseLibrary.TransientFaultHandling.Caching.6.0.1304.0\lib\NET45;packages\EnterpriseLibrary.TransientFaultHandling.Data.6.0.1304.1\lib\NET45;packages\EnterpriseLibrary.TransientFaultHandling.ServiceBus.6.0.1304.0\lib\NET45;packages\EnterpriseLibrary.TransientFaultHandling.WindowsAzure.Storage.6.0.1304.0\lib\NET45;packages\EnterpriseLibrary.TransientFaultHandling.Configuration.6.0.1304.0\lib\NET45
		SolutionGuid = {51006A00-13C9-4264-8BD0-73643978E6BD}
	EndGlobalSection
EndGlobal
