
Microsoft Visual Studio Solution File, Format Version 12.00
# Visual Studio 15
VisualStudioVersion = 15.0.27703.2000
MinimumVisualStudioVersion = 10.0.40219.1
Project("{FAE04EC0-301F-11D3-BF4B-00C04F79EFBC}") = "xbox", "xbox\xbox.csproj", "{1690263F-05A9-408C-973A-D4259F3C78F7}"
EndProject
Project("{FAE04EC0-301F-11D3-BF4B-00C04F79EFBC}") = "xbox.Tests", "xbox.Tests\xbox.Tests.csproj", "{4753519C-BBB0-4F0E-831C-28C08AB4666A}"
EndProject
Global
	GlobalSection(SolutionConfigurationPlatforms) = preSolution
		Debug|Any CPU = Debug|Any CPU
		Release|Any CPU = Release|Any CPU
	EndGlobalSection
	GlobalSection(ProjectConfigurationPlatforms) = postSolution
		{1690263F-05A9-408C-973A-D4259F3C78F7}.Debug|Any CPU.ActiveCfg = Debug|Any CPU
		{1690263F-05A9-408C-973A-D4259F3C78F7}.Debug|Any CPU.Build.0 = Debug|Any CPU
		{1690263F-05A9-408C-973A-D4259F3C78F7}.Release|Any CPU.ActiveCfg = Release|Any CPU
		{1690263F-05A9-408C-973A-D4259F3C78F7}.Release|Any CPU.Build.0 = Release|Any CPU
		{4753519C-BBB0-4F0E-831C-28C08AB4666A}.Debug|Any CPU.ActiveCfg = Debug|Any CPU
		{4753519C-BBB0-4F0E-831C-28C08AB4666A}.Debug|Any CPU.Build.0 = Debug|Any CPU
		{4753519C-BBB0-4F0E-831C-28C08AB4666A}.Release|Any CPU.ActiveCfg = Release|Any CPU
		{4753519C-BBB0-4F0E-831C-28C08AB4666A}.Release|Any CPU.Build.0 = Release|Any CPU
	EndGlobalSection
	GlobalSection(SolutionProperties) = preSolution
		HideSolutionNode = FALSE
	EndGlobalSection
	GlobalSection(ExtensibilityGlobals) = postSolution
		SolutionGuid = {6B90B9E4-435F-40BA-9CA2-46C5B190C9AF}
	EndGlobalSection
EndGlobal
